// !$*UTF8*$!
{
	archiveVersion = 1;
	classes = {
	};
	objectVersion = 56;
	objects = {

/* Begin PBXBuildFile section */
		204AEC5A2C76DA96003B15C1 /* AppDelegate.swift in Sources */ = {isa = PBXBuildFile; fileRef = 204AEC592C76DA96003B15C1 /* AppDelegate.swift */; };
		204AEC5C2C76DA96003B15C1 /* SceneDelegate.swift in Sources */ = {isa = PBXBuildFile; fileRef = 204AEC5B2C76DA96003B15C1 /* SceneDelegate.swift */; };
		204AEC5E2C76DA96003B15C1 /* ViewController.swift in Sources */ = {isa = PBXBuildFile; fileRef = 204AEC5D2C76DA96003B15C1 /* ViewController.swift */; };
		204AEC612C76DA96003B15C1 /* Base in Resources */ = {isa = PBXBuildFile; fileRef = 204AEC602C76DA96003B15C1 /* Base */; };
		204AEC632C76DA99003B15C1 /* Assets.xcassets in Resources */ = {isa = PBXBuildFile; fileRef = 204AEC622C76DA99003B15C1 /* Assets.xcassets */; };
		204AEC662C76DA99003B15C1 /* Base in Resources */ = {isa = PBXBuildFile; fileRef = 204AEC652C76DA99003B15C1 /* Base */; };
		204AEC7B2C76E3C6003B15C1 /* CustomButton.xib in Resources */ = {isa = PBXBuildFile; fileRef = 204AEC7A2C76E3C6003B15C1 /* CustomButton.xib */; };
		204AEC7C2C76E3C6003B15C1 /* CustomButton.swift in Sources */ = {isa = PBXBuildFile; fileRef = 204AEC792C76E3C6003B15C1 /* CustomButton.swift */; };
		207423FC2C79477100F87118 /* UIView+extensions.swift in Sources */ = {isa = PBXBuildFile; fileRef = 207423FB2C79477100F87118 /* UIView+extensions.swift */; };
		207423FF2C794CB400F87118 /* ButtonBuilder.swift in Sources */ = {isa = PBXBuildFile; fileRef = 207423FE2C794CB400F87118 /* ButtonBuilder.swift */; };
		208BA9152C8010B4002186B1 /* View+Designable.swift in Sources */ = {isa = PBXBuildFile; fileRef = 208BA9142C8010B4002186B1 /* View+Designable.swift */; };
		208BA9172C80183B002186B1 /* Button+Designable.swift in Sources */ = {isa = PBXBuildFile; fileRef = 208BA9162C80183B002186B1 /* Button+Designable.swift */; };
		208BA9192C801D23002186B1 /* HeaderView.swift in Sources */ = {isa = PBXBuildFile; fileRef = 208BA9182C801D23002186B1 /* HeaderView.swift */; };
		208BA91B2C801D2A002186B1 /* HeaderView.xib in Resources */ = {isa = PBXBuildFile; fileRef = 208BA91A2C801D2A002186B1 /* HeaderView.xib */; };
		208BA91D2C802113002186B1 /* HeaderProtocols.swift in Sources */ = {isa = PBXBuildFile; fileRef = 208BA91C2C802113002186B1 /* HeaderProtocols.swift */; };
/* End PBXBuildFile section */

/* Begin PBXFileReference section */
		204AEC562C76DA96003B15C1 /* ReusableUI.app */ = {isa = PBXFileReference; explicitFileType = wrapper.application; includeInIndex = 0; path = ReusableUI.app; sourceTree = BUILT_PRODUCTS_DIR; };
		204AEC592C76DA96003B15C1 /* AppDelegate.swift */ = {isa = PBXFileReference; lastKnownFileType = sourcecode.swift; path = AppDelegate.swift; sourceTree = "<group>"; };
		204AEC5B2C76DA96003B15C1 /* SceneDelegate.swift */ = {isa = PBXFileReference; lastKnownFileType = sourcecode.swift; path = SceneDelegate.swift; sourceTree = "<group>"; };
		204AEC5D2C76DA96003B15C1 /* ViewController.swift */ = {isa = PBXFileReference; lastKnownFileType = sourcecode.swift; path = ViewController.swift; sourceTree = "<group>"; };
		204AEC602C76DA96003B15C1 /* Base */ = {isa = PBXFileReference; lastKnownFileType = file.storyboard; name = Base; path = Base.lproj/Main.storyboard; sourceTree = "<group>"; };
		204AEC622C76DA99003B15C1 /* Assets.xcassets */ = {isa = PBXFileReference; lastKnownFileType = folder.assetcatalog; path = Assets.xcassets; sourceTree = "<group>"; };
		204AEC652C76DA99003B15C1 /* Base */ = {isa = PBXFileReference; lastKnownFileType = file.storyboard; name = Base; path = Base.lproj/LaunchScreen.storyboard; sourceTree = "<group>"; };
		204AEC672C76DA99003B15C1 /* Info.plist */ = {isa = PBXFileReference; lastKnownFileType = text.plist.xml; path = Info.plist; sourceTree = "<group>"; };
		204AEC792C76E3C6003B15C1 /* CustomButton.swift */ = {isa = PBXFileReference; lastKnownFileType = sourcecode.swift; path = CustomButton.swift; sourceTree = "<group>"; };
		204AEC7A2C76E3C6003B15C1 /* CustomButton.xib */ = {isa = PBXFileReference; lastKnownFileType = file.xib; path = CustomButton.xib; sourceTree = "<group>"; };
		207423FB2C79477100F87118 /* UIView+extensions.swift */ = {isa = PBXFileReference; lastKnownFileType = sourcecode.swift; path = "UIView+extensions.swift"; sourceTree = "<group>"; };
		207423FE2C794CB400F87118 /* ButtonBuilder.swift */ = {isa = PBXFileReference; lastKnownFileType = sourcecode.swift; path = ButtonBuilder.swift; sourceTree = "<group>"; };
		208BA9142C8010B4002186B1 /* View+Designable.swift */ = {isa = PBXFileReference; lastKnownFileType = sourcecode.swift; path = "View+Designable.swift"; sourceTree = "<group>"; };
		208BA9162C80183B002186B1 /* Button+Designable.swift */ = {isa = PBXFileReference; lastKnownFileType = sourcecode.swift; path = "Button+Designable.swift"; sourceTree = "<group>"; };
		208BA9182C801D23002186B1 /* HeaderView.swift */ = {isa = PBXFileReference; lastKnownFileType = sourcecode.swift; path = HeaderView.swift; sourceTree = "<group>"; };
		208BA91A2C801D2A002186B1 /* HeaderView.xib */ = {isa = PBXFileReference; lastKnownFileType = file.xib; path = HeaderView.xib; sourceTree = "<group>"; };
		208BA91C2C802113002186B1 /* HeaderProtocols.swift */ = {isa = PBXFileReference; lastKnownFileType = sourcecode.swift; path = HeaderProtocols.swift; sourceTree = "<group>"; };
/* End PBXFileReference section */

/* Begin PBXFrameworksBuildPhase section */
		204AEC532C76DA96003B15C1 /* Frameworks */ = {
			isa = PBXFrameworksBuildPhase;
			buildActionMask = 2147483647;
			files = (
			);
			runOnlyForDeploymentPostprocessing = 0;
		};
/* End PBXFrameworksBuildPhase section */

/* Begin PBXGroup section */
		204AEC4D2C76DA96003B15C1 = {
			isa = PBXGroup;
			children = (
				204AEC582C76DA96003B15C1 /* ReusableUI */,
				204AEC572C76DA96003B15C1 /* Products */,
			);
			sourceTree = "<group>";
		};
		204AEC572C76DA96003B15C1 /* Products */ = {
			isa = PBXGroup;
			children = (
				204AEC562C76DA96003B15C1 /* ReusableUI.app */,
			);
			name = Products;
			sourceTree = "<group>";
		};
		204AEC582C76DA96003B15C1 /* ReusableUI */ = {
			isa = PBXGroup;
			children = (
				204AEC6D2C76DFD8003B15C1 /* start */,
				207423F92C79471B00F87118 /* helpers */,
				204AEC6F2C76E277003B15C1 /* Secctions */,
				204AEC712C76E2A1003B15C1 /* Commons */,
				204AEC6E2C76DFF2003B15C1 /* Resources */,
			);
			path = ReusableUI;
			sourceTree = "<group>";
		};
		204AEC6D2C76DFD8003B15C1 /* start */ = {
			isa = PBXGroup;
			children = (
				204AEC592C76DA96003B15C1 /* AppDelegate.swift */,
				204AEC5B2C76DA96003B15C1 /* SceneDelegate.swift */,
			);
			path = start;
			sourceTree = "<group>";
		};
		204AEC6E2C76DFF2003B15C1 /* Resources */ = {
			isa = PBXGroup;
			children = (
				204AEC672C76DA99003B15C1 /* Info.plist */,
				204AEC622C76DA99003B15C1 /* Assets.xcassets */,
			);
			path = Resources;
			sourceTree = "<group>";
		};
		204AEC6F2C76E277003B15C1 /* Secctions */ = {
			isa = PBXGroup;
			children = (
				204AEC702C76E284003B15C1 /* Launch */,
				204AEC5F2C76DA96003B15C1 /* Main.storyboard */,
				204AEC5D2C76DA96003B15C1 /* ViewController.swift */,
			);
			path = Secctions;
			sourceTree = "<group>";
		};
		204AEC702C76E284003B15C1 /* Launch */ = {
			isa = PBXGroup;
			children = (
				204AEC642C76DA99003B15C1 /* LaunchScreen.storyboard */,
			);
			path = Launch;
			sourceTree = "<group>";
		};
		204AEC712C76E2A1003B15C1 /* Commons */ = {
			isa = PBXGroup;
			children = (
				204AEC722C76E2B6003B15C1 /* Button */,
				207423FD2C794C9C00F87118 /* ButtonBuilder */,
				204AEC732C76E2BE003B15C1 /* Header */,
			);
			path = Commons;
			sourceTree = "<group>";
		};
		204AEC722C76E2B6003B15C1 /* Button */ = {
			isa = PBXGroup;
			children = (
				204AEC792C76E3C6003B15C1 /* CustomButton.swift */,
				204AEC7A2C76E3C6003B15C1 /* CustomButton.xib */,
			);
			path = Button;
			sourceTree = "<group>";
		};
		204AEC732C76E2BE003B15C1 /* Header */ = {
			isa = PBXGroup;
			children = (
				208BA9182C801D23002186B1 /* HeaderView.swift */,
				208BA91A2C801D2A002186B1 /* HeaderView.xib */,
				208BA91C2C802113002186B1 /* HeaderProtocols.swift */,
			);
			path = Header;
			sourceTree = "<group>";
		};
		207423F92C79471B00F87118 /* helpers */ = {
			isa = PBXGroup;
			children = (
				208BA9132C801029002186B1 /* IBDesignable */,
				207423FA2C79472800F87118 /* Extensions */,
			);
			path = helpers;
			sourceTree = "<group>";
		};
		207423FA2C79472800F87118 /* Extensions */ = {
			isa = PBXGroup;
			children = (
				207423FB2C79477100F87118 /* UIView+extensions.swift */,
			);
			path = Extensions;
			sourceTree = "<group>";
		};
		207423FD2C794C9C00F87118 /* ButtonBuilder */ = {
			isa = PBXGroup;
			children = (
				207423FE2C794CB400F87118 /* ButtonBuilder.swift */,
			);
			path = ButtonBuilder;
			sourceTree = "<group>";
		};
		208BA9132C801029002186B1 /* IBDesignable */ = {
			isa = PBXGroup;
			children = (
				208BA9142C8010B4002186B1 /* View+Designable.swift */,
				208BA9162C80183B002186B1 /* Button+Designable.swift */,
			);
			path = IBDesignable;
			sourceTree = "<group>";
		};
/* End PBXGroup section */

/* Begin PBXNativeTarget section */
		204AEC552C76DA96003B15C1 /* ReusableUI */ = {
			isa = PBXNativeTarget;
			buildConfigurationList = 204AEC6A2C76DA99003B15C1 /* Build configuration list for PBXNativeTarget "ReusableUI" */;
			buildPhases = (
				204AEC522C76DA96003B15C1 /* Sources */,
				204AEC532C76DA96003B15C1 /* Frameworks */,
				204AEC542C76DA96003B15C1 /* Resources */,
			);
			buildRules = (
			);
			dependencies = (
			);
			name = ReusableUI;
			productName = ReusableUI;
			productReference = 204AEC562C76DA96003B15C1 /* ReusableUI.app */;
			productType = "com.apple.product-type.application";
		};
/* End PBXNativeTarget section */

/* Begin PBXProject section */
		204AEC4E2C76DA96003B15C1 /* Project object */ = {
			isa = PBXProject;
			attributes = {
				BuildIndependentTargetsInParallel = 1;
				LastSwiftUpdateCheck = 1540;
				LastUpgradeCheck = 1540;
				TargetAttributes = {
					204AEC552C76DA96003B15C1 = {
						CreatedOnToolsVersion = 15.4;
					};
				};
			};
			buildConfigurationList = 204AEC512C76DA96003B15C1 /* Build configuration list for PBXProject "ReusableUI" */;
			compatibilityVersion = "Xcode 14.0";
			developmentRegion = en;
			hasScannedForEncodings = 0;
			knownRegions = (
				en,
				Base,
			);
			mainGroup = 204AEC4D2C76DA96003B15C1;
			productRefGroup = 204AEC572C76DA96003B15C1 /* Products */;
			projectDirPath = "";
			projectRoot = "";
			targets = (
				204AEC552C76DA96003B15C1 /* ReusableUI */,
			);
		};
/* End PBXProject section */

/* Begin PBXResourcesBuildPhase section */
		204AEC542C76DA96003B15C1 /* Resources */ = {
			isa = PBXResourcesBuildPhase;
			buildActionMask = 2147483647;
			files = (
				204AEC632C76DA99003B15C1 /* Assets.xcassets in Resources */,
				208BA91B2C801D2A002186B1 /* HeaderView.xib in Resources */,
				204AEC662C76DA99003B15C1 /* Base in Resources */,
				204AEC7B2C76E3C6003B15C1 /* CustomButton.xib in Resources */,
				204AEC612C76DA96003B15C1 /* Base in Resources */,
			);
			runOnlyForDeploymentPostprocessing = 0;
		};
/* End PBXResourcesBuildPhase section */

/* Begin PBXSourcesBuildPhase section */
		204AEC522C76DA96003B15C1 /* Sources */ = {
			isa = PBXSourcesBuildPhase;
			buildActionMask = 2147483647;
			files = (
				207423FC2C79477100F87118 /* UIView+extensions.swift in Sources */,
				208BA9192C801D23002186B1 /* HeaderView.swift in Sources */,
				208BA9152C8010B4002186B1 /* View+Designable.swift in Sources */,
				204AEC5E2C76DA96003B15C1 /* ViewController.swift in Sources */,
				204AEC5A2C76DA96003B15C1 /* AppDelegate.swift in Sources */,
				204AEC5C2C76DA96003B15C1 /* SceneDelegate.swift in Sources */,
				208BA91D2C802113002186B1 /* HeaderProtocols.swift in Sources */,
				204AEC7C2C76E3C6003B15C1 /* CustomButton.swift in Sources */,
				207423FF2C794CB400F87118 /* ButtonBuilder.swift in Sources */,
				208BA9172C80183B002186B1 /* Button+Designable.swift in Sources */,
			);
			runOnlyForDeploymentPostprocessing = 0;
		};
/* End PBXSourcesBuildPhase section */

/* Begin PBXVariantGroup section */
		204AEC5F2C76DA96003B15C1 /* Main.storyboard */ = {
			isa = PBXVariantGroup;
			children = (
				204AEC602C76DA96003B15C1 /* Base */,
			);
			name = Main.storyboard;
			sourceTree = "<group>";
		};
		204AEC642C76DA99003B15C1 /* LaunchScreen.storyboard */ = {
			isa = PBXVariantGroup;
			children = (
				204AEC652C76DA99003B15C1 /* Base */,
			);
			name = LaunchScreen.storyboard;
			sourceTree = "<group>";
		};
/* End PBXVariantGroup section */

/* Begin XCBuildConfiguration section */
		204AEC682C76DA99003B15C1 /* Debug */ = {
			isa = XCBuildConfiguration;
			buildSettings = {
				ALWAYS_SEARCH_USER_PATHS = NO;
				ASSETCATALOG_COMPILER_GENERATE_SWIFT_ASSET_SYMBOL_EXTENSIONS = YES;
				CLANG_ANALYZER_NONNULL = YES;
				CLANG_ANALYZER_NUMBER_OBJECT_CONVERSION = YES_AGGRESSIVE;
				CLANG_CXX_LANGUAGE_STANDARD = "gnu++20";
				CLANG_ENABLE_MODULES = YES;
				CLANG_ENABLE_OBJC_ARC = YES;
				CLANG_ENABLE_OBJC_WEAK = YES;
				CLANG_WARN_BLOCK_CAPTURE_AUTORELEASING = YES;
				CLANG_WARN_BOOL_CONVERSION = YES;
				CLANG_WARN_COMMA = YES;
				CLANG_WARN_CONSTANT_CONVERSION = YES;
				CLANG_WARN_DEPRECATED_OBJC_IMPLEMENTATIONS = YES;
				CLANG_WARN_DIRECT_OBJC_ISA_USAGE = YES_ERROR;
				CLANG_WARN_DOCUMENTATION_COMMENTS = YES;
				CLANG_WARN_EMPTY_BODY = YES;
				CLANG_WARN_ENUM_CONVERSION = YES;
				CLANG_WARN_INFINITE_RECURSION = YES;
				CLANG_WARN_INT_CONVERSION = YES;
				CLANG_WARN_NON_LITERAL_NULL_CONVERSION = YES;
				CLANG_WARN_OBJC_IMPLICIT_RETAIN_SELF = YES;
				CLANG_WARN_OBJC_LITERAL_CONVERSION = YES;
				CLANG_WARN_OBJC_ROOT_CLASS = YES_ERROR;
				CLANG_WARN_QUOTED_INCLUDE_IN_FRAMEWORK_HEADER = YES;
				CLANG_WARN_RANGE_LOOP_ANALYSIS = YES;
				CLANG_WARN_STRICT_PROTOTYPES = YES;
				CLANG_WARN_SUSPICIOUS_MOVE = YES;
				CLANG_WARN_UNGUARDED_AVAILABILITY = YES_AGGRESSIVE;
				CLANG_WARN_UNREACHABLE_CODE = YES;
				CLANG_WARN__DUPLICATE_METHOD_MATCH = YES;
				COPY_PHASE_STRIP = NO;
				DEBUG_INFORMATION_FORMAT = dwarf;
				ENABLE_STRICT_OBJC_MSGSEND = YES;
				ENABLE_TESTABILITY = YES;
				ENABLE_USER_SCRIPT_SANDBOXING = YES;
				GCC_C_LANGUAGE_STANDARD = gnu17;
				GCC_DYNAMIC_NO_PIC = NO;
				GCC_NO_COMMON_BLOCKS = YES;
				GCC_OPTIMIZATION_LEVEL = 0;
				GCC_PREPROCESSOR_DEFINITIONS = (
					"DEBUG=1",
					"$(inherited)",
				);
				GCC_WARN_64_TO_32_BIT_CONVERSION = YES;
				GCC_WARN_ABOUT_RETURN_TYPE = YES_ERROR;
				GCC_WARN_UNDECLARED_SELECTOR = YES;
				GCC_WARN_UNINITIALIZED_AUTOS = YES_AGGRESSIVE;
				GCC_WARN_UNUSED_FUNCTION = YES;
				GCC_WARN_UNUSED_VARIABLE = YES;
				IPHONEOS_DEPLOYMENT_TARGET = 17.5;
				LOCALIZATION_PREFERS_STRING_CATALOGS = YES;
				MTL_ENABLE_DEBUG_INFO = INCLUDE_SOURCE;
				MTL_FAST_MATH = YES;
				ONLY_ACTIVE_ARCH = YES;
				SDKROOT = iphoneos;
				SWIFT_ACTIVE_COMPILATION_CONDITIONS = "DEBUG $(inherited)";
				SWIFT_OPTIMIZATION_LEVEL = "-Onone";
			};
			name = Debug;
		};
		204AEC692C76DA99003B15C1 /* Release */ = {
			isa = XCBuildConfiguration;
			buildSettings = {
				ALWAYS_SEARCH_USER_PATHS = NO;
				ASSETCATALOG_COMPILER_GENERATE_SWIFT_ASSET_SYMBOL_EXTENSIONS = YES;
				CLANG_ANALYZER_NONNULL = YES;
				CLANG_ANALYZER_NUMBER_OBJECT_CONVERSION = YES_AGGRESSIVE;
				CLANG_CXX_LANGUAGE_STANDARD = "gnu++20";
				CLANG_ENABLE_MODULES = YES;
				CLANG_ENABLE_OBJC_ARC = YES;
				CLANG_ENABLE_OBJC_WEAK = YES;
				CLANG_WARN_BLOCK_CAPTURE_AUTORELEASING = YES;
				CLANG_WARN_BOOL_CONVERSION = YES;
				CLANG_WARN_COMMA = YES;
				CLANG_WARN_CONSTANT_CONVERSION = YES;
				CLANG_WARN_DEPRECATED_OBJC_IMPLEMENTATIONS = YES;
				CLANG_WARN_DIRECT_OBJC_ISA_USAGE = YES_ERROR;
				CLANG_WARN_DOCUMENTATION_COMMENTS = YES;
				CLANG_WARN_EMPTY_BODY = YES;
				CLANG_WARN_ENUM_CONVERSION = YES;
				CLANG_WARN_INFINITE_RECURSION = YES;
				CLANG_WARN_INT_CONVERSION = YES;
				CLANG_WARN_NON_LITERAL_NULL_CONVERSION = YES;
				CLANG_WARN_OBJC_IMPLICIT_RETAIN_SELF = YES;
				CLANG_WARN_OBJC_LITERAL_CONVERSION = YES;
				CLANG_WARN_OBJC_ROOT_CLASS = YES_ERROR;
				CLANG_WARN_QUOTED_INCLUDE_IN_FRAMEWORK_HEADER = YES;
				CLANG_WARN_RANGE_LOOP_ANALYSIS = YES;
				CLANG_WARN_STRICT_PROTOTYPES = YES;
				CLANG_WARN_SUSPICIOUS_MOVE = YES;
				CLANG_WARN_UNGUARDED_AVAILABILITY = YES_AGGRESSIVE;
				CLANG_WARN_UNREACHABLE_CODE = YES;
				CLANG_WARN__DUPLICATE_METHOD_MATCH = YES;
				COPY_PHASE_STRIP = NO;
				DEBUG_INFORMATION_FORMAT = "dwarf-with-dsym";
				ENABLE_NS_ASSERTIONS = NO;
				ENABLE_STRICT_OBJC_MSGSEND = YES;
				ENABLE_USER_SCRIPT_SANDBOXING = YES;
				GCC_C_LANGUAGE_STANDARD = gnu17;
				GCC_NO_COMMON_BLOCKS = YES;
				GCC_WARN_64_TO_32_BIT_CONVERSION = YES;
				GCC_WARN_ABOUT_RETURN_TYPE = YES_ERROR;
				GCC_WARN_UNDECLARED_SELECTOR = YES;
				GCC_WARN_UNINITIALIZED_AUTOS = YES_AGGRESSIVE;
				GCC_WARN_UNUSED_FUNCTION = YES;
				GCC_WARN_UNUSED_VARIABLE = YES;
				IPHONEOS_DEPLOYMENT_TARGET = 17.5;
				LOCALIZATION_PREFERS_STRING_CATALOGS = YES;
				MTL_ENABLE_DEBUG_INFO = NO;
				MTL_FAST_MATH = YES;
				SDKROOT = iphoneos;
				SWIFT_COMPILATION_MODE = wholemodule;
				VALIDATE_PRODUCT = YES;
			};
			name = Release;
		};
		204AEC6B2C76DA99003B15C1 /* Debug */ = {
			isa = XCBuildConfiguration;
			buildSettings = {
				ASSETCATALOG_COMPILER_APPICON_NAME = AppIcon;
				ASSETCATALOG_COMPILER_GLOBAL_ACCENT_COLOR_NAME = AccentColor;
				CODE_SIGN_STYLE = Automatic;
				CURRENT_PROJECT_VERSION = 1;
				DEVELOPMENT_TEAM = 4T73X5U8FS;
				GENERATE_INFOPLIST_FILE = YES;
				INFOPLIST_FILE = ReusableUI/Resources/Info.plist;
				INFOPLIST_KEY_UIApplicationSupportsIndirectInputEvents = YES;
				INFOPLIST_KEY_UILaunchStoryboardName = LaunchScreen;
				INFOPLIST_KEY_UIMainStoryboardFile = Main;
				INFOPLIST_KEY_UISupportedInterfaceOrientations_iPad = "UIInterfaceOrientationPortrait UIInterfaceOrientationPortraitUpsideDown UIInterfaceOrientationLandscapeLeft UIInterfaceOrientationLandscapeRight";
				INFOPLIST_KEY_UISupportedInterfaceOrientations_iPhone = "UIInterfaceOrientationPortrait UIInterfaceOrientationLandscapeLeft UIInterfaceOrientationLandscapeRight";
				LD_RUNPATH_SEARCH_PATHS = (
					"$(inherited)",
					"@executable_path/Frameworks",
				);
				MARKETING_VERSION = 1.0;
				PRODUCT_BUNDLE_IDENTIFIER = com.idevart.ReusableUI;
				PRODUCT_NAME = "$(TARGET_NAME)";
				SWIFT_EMIT_LOC_STRINGS = YES;
				SWIFT_VERSION = 5.0;
				TARGETED_DEVICE_FAMILY = "1,2";
			};
			name = Debug;
		};
		204AEC6C2C76DA99003B15C1 /* Release */ = {
			isa = XCBuildConfiguration;
			buildSettings = {
				ASSETCATALOG_COMPILER_APPICON_NAME = AppIcon;
				ASSETCATALOG_COMPILER_GLOBAL_ACCENT_COLOR_NAME = AccentColor;
				CODE_SIGN_STYLE = Automatic;
				CURRENT_PROJECT_VERSION = 1;
				DEVELOPMENT_TEAM = 4T73X5U8FS;
				GENERATE_INFOPLIST_FILE = YES;
				INFOPLIST_FILE = ReusableUI/Resources/Info.plist;
				INFOPLIST_KEY_UIApplicationSupportsIndirectInputEvents = YES;
				INFOPLIST_KEY_UILaunchStoryboardName = LaunchScreen;
				INFOPLIST_KEY_UIMainStoryboardFile = Main;
				INFOPLIST_KEY_UISupportedInterfaceOrientations_iPad = "UIInterfaceOrientationPortrait UIInterfaceOrientationPortraitUpsideDown UIInterfaceOrientationLandscapeLeft UIInterfaceOrientationLandscapeRight";
				INFOPLIST_KEY_UISupportedInterfaceOrientations_iPhone = "UIInterfaceOrientationPortrait UIInterfaceOrientationLandscapeLeft UIInterfaceOrientationLandscapeRight";
				LD_RUNPATH_SEARCH_PATHS = (
					"$(inherited)",
					"@executable_path/Frameworks",
				);
				MARKETING_VERSION = 1.0;
				PRODUCT_BUNDLE_IDENTIFIER = com.idevart.ReusableUI;
				PRODUCT_NAME = "$(TARGET_NAME)";
				SWIFT_EMIT_LOC_STRINGS = YES;
				SWIFT_VERSION = 5.0;
				TARGETED_DEVICE_FAMILY = "1,2";
			};
			name = Release;
		};
/* End XCBuildConfiguration section */

/* Begin XCConfigurationList section */
		204AEC512C76DA96003B15C1 /* Build configuration list for PBXProject "ReusableUI" */ = {
			isa = XCConfigurationList;
			buildConfigurations = (
				204AEC682C76DA99003B15C1 /* Debug */,
				204AEC692C76DA99003B15C1 /* Release */,
			);
			defaultConfigurationIsVisible = 0;
			defaultConfigurationName = Release;
		};
		204AEC6A2C76DA99003B15C1 /* Build configuration list for PBXNativeTarget "ReusableUI" */ = {
			isa = XCConfigurationList;
			buildConfigurations = (
				204AEC6B2C76DA99003B15C1 /* Debug */,
				204AEC6C2C76DA99003B15C1 /* Release */,
			);
			defaultConfigurationIsVisible = 0;
			defaultConfigurationName = Release;
		};
/* End XCConfigurationList section */
	};
	rootObject = 204AEC4E2C76DA96003B15C1 /* Project object */;
}
